
Microsoft Visual Studio Solution File, Format Version 12.00
# Visual Studio 15
VisualStudioVersion = 15.0.26730.16
MinimumVisualStudioVersion = 10.0.40219.1
Project("{FAE04EC0-301F-11D3-BF4B-00C04F79EFBC}") = "GrowerApp.Android", "GrowerApp\GrowerApp.Android\GrowerApp.Android.csproj", "{40C2FCDA-9DBA-4EA8-9386-8D93F29D192E}"
EndProject
Project("{FAE04EC0-301F-11D3-BF4B-00C04F79EFBC}") = "GrowerApp", "GrowerApp\GrowerApp\GrowerApp.csproj", "{52B3B881-52FE-45A1-8870-6B49FFB69D97}"
EndProject
Project("{FAE04EC0-301F-11D3-BF4B-00C04F79EFBC}") = "GrowerApp.iOS", "GrowerApp\GrowerApp.iOS\GrowerApp.iOS.csproj", "{09C41F2D-E616-46B5-A54E-7DFE07837E8D}"
EndProject
Global
	GlobalSection(SolutionConfigurationPlatforms) = preSolution
		Ad-Hoc|Any CPU = Ad-Hoc|Any CPU
		Ad-Hoc|ARM = Ad-Hoc|ARM
		Ad-Hoc|iPhone = Ad-Hoc|iPhone
		Ad-Hoc|iPhoneSimulator = Ad-Hoc|iPhoneSimulator
		Ad-Hoc|x64 = Ad-Hoc|x64
		Ad-Hoc|x86 = Ad-Hoc|x86
		AppStore|Any CPU = AppStore|Any CPU
		AppStore|ARM = AppStore|ARM
		AppStore|iPhone = AppStore|iPhone
		AppStore|iPhoneSimulator = AppStore|iPhoneSimulator
		AppStore|x64 = AppStore|x64
		AppStore|x86 = AppStore|x86
		Debug|Any CPU = Debug|Any CPU
		Debug|ARM = Debug|ARM
		Debug|iPhone = Debug|iPhone
		Debug|iPhoneSimulator = Debug|iPhoneSimulator
		Debug|x64 = Debug|x64
		Debug|x86 = Debug|x86
		Release|Any CPU = Release|Any CPU
		Release|ARM = Release|ARM
		Release|iPhone = Release|iPhone
		Release|iPhoneSimulator = Release|iPhoneSimulator
		Release|x64 = Release|x64
		Release|x86 = Release|x86
	EndGlobalSection
	GlobalSection(ProjectConfigurationPlatforms) = postSolution
		{40C2FCDA-9DBA-4EA8-9386-8D93F29D192E}.Ad-Hoc|Any CPU.ActiveCfg = Release|Any CPU
		{40C2FCDA-9DBA-4EA8-9386-8D93F29D192E}.Ad-Hoc|Any CPU.Build.0 = Release|Any CPU
		{40C2FCDA-9DBA-4EA8-9386-8D93F29D192E}.Ad-Hoc|Any CPU.Deploy.0 = Release|Any CPU
		{40C2FCDA-9DBA-4EA8-9386-8D93F29D192E}.Ad-Hoc|ARM.ActiveCfg = Release|Any CPU
		{40C2FCDA-9DBA-4EA8-9386-8D93F29D192E}.Ad-Hoc|ARM.Build.0 = Release|Any CPU
		{40C2FCDA-9DBA-4EA8-9386-8D93F29D192E}.Ad-Hoc|ARM.Deploy.0 = Release|Any CPU
		{40C2FCDA-9DBA-4EA8-9386-8D93F29D192E}.Ad-Hoc|iPhone.ActiveCfg = Release|Any CPU
		{40C2FCDA-9DBA-4EA8-9386-8D93F29D192E}.Ad-Hoc|iPhone.Build.0 = Release|Any CPU
		{40C2FCDA-9DBA-4EA8-9386-8D93F29D192E}.Ad-Hoc|iPhone.Deploy.0 = Release|Any CPU
		{40C2FCDA-9DBA-4EA8-9386-8D93F29D192E}.Ad-Hoc|iPhoneSimulator.ActiveCfg = Release|Any CPU
		{40C2FCDA-9DBA-4EA8-9386-8D93F29D192E}.Ad-Hoc|iPhoneSimulator.Build.0 = Release|Any CPU
		{40C2FCDA-9DBA-4EA8-9386-8D93F29D192E}.Ad-Hoc|iPhoneSimulator.Deploy.0 = Release|Any CPU
		{40C2FCDA-9DBA-4EA8-9386-8D93F29D192E}.Ad-Hoc|x64.ActiveCfg = Release|Any CPU
		{40C2FCDA-9DBA-4EA8-9386-8D93F29D192E}.Ad-Hoc|x64.Build.0 = Release|Any CPU
		{40C2FCDA-9DBA-4EA8-9386-8D93F29D192E}.Ad-Hoc|x64.Deploy.0 = Release|Any CPU
		{40C2FCDA-9DBA-4EA8-9386-8D93F29D192E}.Ad-Hoc|x86.ActiveCfg = Release|Any CPU
		{40C2FCDA-9DBA-4EA8-9386-8D93F29D192E}.Ad-Hoc|x86.Build.0 = Release|Any CPU
		{40C2FCDA-9DBA-4EA8-9386-8D93F29D192E}.Ad-Hoc|x86.Deploy.0 = Release|Any CPU
		{40C2FCDA-9DBA-4EA8-9386-8D93F29D192E}.AppStore|Any CPU.ActiveCfg = Release|Any CPU
		{40C2FCDA-9DBA-4EA8-9386-8D93F29D192E}.AppStore|Any CPU.Build.0 = Release|Any CPU
		{40C2FCDA-9DBA-4EA8-9386-8D93F29D192E}.AppStore|Any CPU.Deploy.0 = Release|Any CPU
		{40C2FCDA-9DBA-4EA8-9386-8D93F29D192E}.AppStore|ARM.ActiveCfg = Release|Any CPU
		{40C2FCDA-9DBA-4EA8-9386-8D93F29D192E}.AppStore|ARM.Build.0 = Release|Any CPU
		{40C2FCDA-9DBA-4EA8-9386-8D93F29D192E}.AppStore|ARM.Deploy.0 = Release|Any CPU
		{40C2FCDA-9DBA-4EA8-9386-8D93F29D192E}.AppStore|iPhone.ActiveCfg = Release|Any CPU
		{40C2FCDA-9DBA-4EA8-9386-8D93F29D192E}.AppStore|iPhone.Build.0 = Release|Any CPU
		{40C2FCDA-9DBA-4EA8-9386-8D93F29D192E}.AppStore|iPhone.Deploy.0 = Release|Any CPU
		{40C2FCDA-9DBA-4EA8-9386-8D93F29D192E}.AppStore|iPhoneSimulator.ActiveCfg = Release|Any CPU
		{40C2FCDA-9DBA-4EA8-9386-8D93F29D192E}.AppStore|iPhoneSimulator.Build.0 = Release|Any CPU
		{40C2FCDA-9DBA-4EA8-9386-8D93F29D192E}.AppStore|iPhoneSimulator.Deploy.0 = Release|Any CPU
		{40C2FCDA-9DBA-4EA8-9386-8D93F29D192E}.AppStore|x64.ActiveCfg = Release|Any CPU
		{40C2FCDA-9DBA-4EA8-9386-8D93F29D192E}.AppStore|x64.Build.0 = Release|Any CPU
		{40C2FCDA-9DBA-4EA8-9386-8D93F29D192E}.AppStore|x64.Deploy.0 = Release|Any CPU
		{40C2FCDA-9DBA-4EA8-9386-8D93F29D192E}.AppStore|x86.ActiveCfg = Release|Any CPU
		{40C2FCDA-9DBA-4EA8-9386-8D93F29D192E}.AppStore|x86.Build.0 = Release|Any CPU
		{40C2FCDA-9DBA-4EA8-9386-8D93F29D192E}.AppStore|x86.Deploy.0 = Release|Any CPU
		{40C2FCDA-9DBA-4EA8-9386-8D93F29D192E}.Debug|Any CPU.ActiveCfg = Debug|Any CPU
		{40C2FCDA-9DBA-4EA8-9386-8D93F29D192E}.Debug|Any CPU.Build.0 = Debug|Any CPU
		{40C2FCDA-9DBA-4EA8-9386-8D93F29D192E}.Debug|Any CPU.Deploy.0 = Debug|Any CPU
		{40C2FCDA-9DBA-4EA8-9386-8D93F29D192E}.Debug|ARM.ActiveCfg = Debug|Any CPU
		{40C2FCDA-9DBA-4EA8-9386-8D93F29D192E}.Debug|ARM.Build.0 = Debug|Any CPU
		{40C2FCDA-9DBA-4EA8-9386-8D93F29D192E}.Debug|ARM.Deploy.0 = Debug|Any CPU
		{40C2FCDA-9DBA-4EA8-9386-8D93F29D192E}.Debug|iPhone.ActiveCfg = Debug|Any CPU
		{40C2FCDA-9DBA-4EA8-9386-8D93F29D192E}.Debug|iPhone.Build.0 = Debug|Any CPU
		{40C2FCDA-9DBA-4EA8-9386-8D93F29D192E}.Debug|iPhone.Deploy.0 = Debug|Any CPU
		{40C2FCDA-9DBA-4EA8-9386-8D93F29D192E}.Debug|iPhoneSimulator.ActiveCfg = Debug|Any CPU
		{40C2FCDA-9DBA-4EA8-9386-8D93F29D192E}.Debug|iPhoneSimulator.Build.0 = Debug|Any CPU
		{40C2FCDA-9DBA-4EA8-9386-8D93F29D192E}.Debug|iPhoneSimulator.Deploy.0 = Debug|Any CPU
		{40C2FCDA-9DBA-4EA8-9386-8D93F29D192E}.Debug|x64.ActiveCfg = Debug|Any CPU
		{40C2FCDA-9DBA-4EA8-9386-8D93F29D192E}.Debug|x64.Build.0 = Debug|Any CPU
		{40C2FCDA-9DBA-4EA8-9386-8D93F29D192E}.Debug|x64.Deploy.0 = Debug|Any CPU
		{40C2FCDA-9DBA-4EA8-9386-8D93F29D192E}.Debug|x86.ActiveCfg = Debug|Any CPU
		{40C2FCDA-9DBA-4EA8-9386-8D93F29D192E}.Debug|x86.Build.0 = Debug|Any CPU
		{40C2FCDA-9DBA-4EA8-9386-8D93F29D192E}.Debug|x86.Deploy.0 = Debug|Any CPU
		{40C2FCDA-9DBA-4EA8-9386-8D93F29D192E}.Release|Any CPU.ActiveCfg = Release|Any CPU
		{40C2FCDA-9DBA-4EA8-9386-8D93F29D192E}.Release|Any CPU.Build.0 = Release|Any CPU
		{40C2FCDA-9DBA-4EA8-9386-8D93F29D192E}.Release|Any CPU.Deploy.0 = Release|Any CPU
		{40C2FCDA-9DBA-4EA8-9386-8D93F29D192E}.Release|ARM.ActiveCfg = Release|Any CPU
		{40C2FCDA-9DBA-4EA8-9386-8D93F29D192E}.Release|ARM.Build.0 = Release|Any CPU
		{40C2FCDA-9DBA-4EA8-9386-8D93F29D192E}.Release|ARM.Deploy.0 = Release|Any CPU
		{40C2FCDA-9DBA-4EA8-9386-8D93F29D192E}.Release|iPhone.ActiveCfg = Release|Any CPU
		{40C2FCDA-9DBA-4EA8-9386-8D93F29D192E}.Release|iPhone.Build.0 = Release|Any CPU
		{40C2FCDA-9DBA-4EA8-9386-8D93F29D192E}.Release|iPhone.Deploy.0 = Release|Any CPU
		{40C2FCDA-9DBA-4EA8-9386-8D93F29D192E}.Release|iPhoneSimulator.ActiveCfg = Release|Any CPU
		{40C2FCDA-9DBA-4EA8-9386-8D93F29D192E}.Release|iPhoneSimulator.Build.0 = Release|Any CPU
		{40C2FCDA-9DBA-4EA8-9386-8D93F29D192E}.Release|iPhoneSimulator.Deploy.0 = Release|Any CPU
		{40C2FCDA-9DBA-4EA8-9386-8D93F29D192E}.Release|x64.ActiveCfg = Release|Any CPU
		{40C2FCDA-9DBA-4EA8-9386-8D93F29D192E}.Release|x64.Build.0 = Release|Any CPU
		{40C2FCDA-9DBA-4EA8-9386-8D93F29D192E}.Release|x64.Deploy.0 = Release|Any CPU
		{40C2FCDA-9DBA-4EA8-9386-8D93F29D192E}.Release|x86.ActiveCfg = Release|Any CPU
		{40C2FCDA-9DBA-4EA8-9386-8D93F29D192E}.Release|x86.Build.0 = Release|Any CPU
		{40C2FCDA-9DBA-4EA8-9386-8D93F29D192E}.Release|x86.Deploy.0 = Release|Any CPU
		{52B3B881-52FE-45A1-8870-6B49FFB69D97}.Ad-Hoc|Any CPU.ActiveCfg = Release|Any CPU
		{52B3B881-52FE-45A1-8870-6B49FFB69D97}.Ad-Hoc|Any CPU.Build.0 = Release|Any CPU
		{52B3B881-52FE-45A1-8870-6B49FFB69D97}.Ad-Hoc|ARM.ActiveCfg = Release|Any CPU
		{52B3B881-52FE-45A1-8870-6B49FFB69D97}.Ad-Hoc|ARM.Build.0 = Release|Any CPU
		{52B3B881-52FE-45A1-8870-6B49FFB69D97}.Ad-Hoc|iPhone.ActiveCfg = Release|Any CPU
		{52B3B881-52FE-45A1-8870-6B49FFB69D97}.Ad-Hoc|iPhone.Build.0 = Release|Any CPU
		{52B3B881-52FE-45A1-8870-6B49FFB69D97}.Ad-Hoc|iPhoneSimulator.ActiveCfg = Release|Any CPU
		{52B3B881-52FE-45A1-8870-6B49FFB69D97}.Ad-Hoc|iPhoneSimulator.Build.0 = Release|Any CPU
		{52B3B881-52FE-45A1-8870-6B49FFB69D97}.Ad-Hoc|x64.ActiveCfg = Release|Any CPU
		{52B3B881-52FE-45A1-8870-6B49FFB69D97}.Ad-Hoc|x64.Build.0 = Release|Any CPU
		{52B3B881-52FE-45A1-8870-6B49FFB69D97}.Ad-Hoc|x86.ActiveCfg = Release|Any CPU
		{52B3B881-52FE-45A1-8870-6B49FFB69D97}.Ad-Hoc|x86.Build.0 = Release|Any CPU
		{52B3B881-52FE-45A1-8870-6B49FFB69D97}.AppStore|Any CPU.ActiveCfg = Release|Any CPU
		{52B3B881-52FE-45A1-8870-6B49FFB69D97}.AppStore|Any CPU.Build.0 = Release|Any CPU
		{52B3B881-52FE-45A1-8870-6B49FFB69D97}.AppStore|ARM.ActiveCfg = Release|Any CPU
		{52B3B881-52FE-45A1-8870-6B49FFB69D97}.AppStore|ARM.Build.0 = Release|Any CPU
		{52B3B881-52FE-45A1-8870-6B49FFB69D97}.AppStore|iPhone.ActiveCfg = Release|Any CPU
		{52B3B881-52FE-45A1-8870-6B49FFB69D97}.AppStore|iPhone.Build.0 = Release|Any CPU
		{52B3B881-52FE-45A1-8870-6B49FFB69D97}.AppStore|iPhoneSimulator.ActiveCfg = Release|Any CPU
		{52B3B881-52FE-45A1-8870-6B49FFB69D97}.AppStore|iPhoneSimulator.Build.0 = Release|Any CPU
		{52B3B881-52FE-45A1-8870-6B49FFB69D97}.AppStore|x64.ActiveCfg = Release|Any CPU
		{52B3B881-52FE-45A1-8870-6B49FFB69D97}.AppStore|x64.Build.0 = Release|Any CPU
		{52B3B881-52FE-45A1-8870-6B49FFB69D97}.AppStore|x86.ActiveCfg = Release|Any CPU
		{52B3B881-52FE-45A1-8870-6B49FFB69D97}.AppStore|x86.Build.0 = Release|Any CPU
		{52B3B881-52FE-45A1-8870-6B49FFB69D97}.Debug|Any CPU.ActiveCfg = Debug|Any CPU
		{52B3B881-52FE-45A1-8870-6B49FFB69D97}.Debug|Any CPU.Build.0 = Debug|Any CPU
		{52B3B881-52FE-45A1-8870-6B49FFB69D97}.Debug|ARM.ActiveCfg = Debug|Any CPU
		{52B3B881-52FE-45A1-8870-6B49FFB69D97}.Debug|ARM.Build.0 = Debug|Any CPU
		{52B3B881-52FE-45A1-8870-6B49FFB69D97}.Debug|iPhone.ActiveCfg = Debug|Any CPU
		{52B3B881-52FE-45A1-8870-6B49FFB69D97}.Debug|iPhone.Build.0 = Debug|Any CPU
		{52B3B881-52FE-45A1-8870-6B49FFB69D97}.Debug|iPhoneSimulator.ActiveCfg = Debug|Any CPU
		{52B3B881-52FE-45A1-8870-6B49FFB69D97}.Debug|iPhoneSimulator.Build.0 = Debug|Any CPU
		{52B3B881-52FE-45A1-8870-6B49FFB69D97}.Debug|x64.ActiveCfg = Debug|Any CPU
		{52B3B881-52FE-45A1-8870-6B49FFB69D97}.Debug|x64.Build.0 = Debug|Any CPU
		{52B3B881-52FE-45A1-8870-6B49FFB69D97}.Debug|x86.ActiveCfg = Debug|Any CPU
		{52B3B881-52FE-45A1-8870-6B49FFB69D97}.Debug|x86.Build.0 = Debug|Any CPU
		{52B3B881-52FE-45A1-8870-6B49FFB69D97}.Release|Any CPU.ActiveCfg = Release|Any CPU
		{52B3B881-52FE-45A1-8870-6B49FFB69D97}.Release|Any CPU.Build.0 = Release|Any CPU
		{52B3B881-52FE-45A1-8870-6B49FFB69D97}.Release|ARM.ActiveCfg = Release|Any CPU
		{52B3B881-52FE-45A1-8870-6B49FFB69D97}.Release|ARM.Build.0 = Release|Any CPU
		{52B3B881-52FE-45A1-8870-6B49FFB69D97}.Release|iPhone.ActiveCfg = Release|Any CPU
		{52B3B881-52FE-45A1-8870-6B49FFB69D97}.Release|iPhone.Build.0 = Release|Any CPU
		{52B3B881-52FE-45A1-8870-6B49FFB69D97}.Release|iPhoneSimulator.ActiveCfg = Release|Any CPU
		{52B3B881-52FE-45A1-8870-6B49FFB69D97}.Release|iPhoneSimulator.Build.0 = Release|Any CPU
		{52B3B881-52FE-45A1-8870-6B49FFB69D97}.Release|x64.ActiveCfg = Release|Any CPU
		{52B3B881-52FE-45A1-8870-6B49FFB69D97}.Release|x64.Build.0 = Release|Any CPU
		{52B3B881-52FE-45A1-8870-6B49FFB69D97}.Release|x86.ActiveCfg = Release|Any CPU
		{52B3B881-52FE-45A1-8870-6B49FFB69D97}.Release|x86.Build.0 = Release|Any CPU
		{09C41F2D-E616-46B5-A54E-7DFE07837E8D}.Ad-Hoc|Any CPU.ActiveCfg = Ad-Hoc|iPhone
		{09C41F2D-E616-46B5-A54E-7DFE07837E8D}.Ad-Hoc|ARM.ActiveCfg = Ad-Hoc|iPhone
		{09C41F2D-E616-46B5-A54E-7DFE07837E8D}.Ad-Hoc|iPhone.ActiveCfg = Ad-Hoc|iPhone
		{09C41F2D-E616-46B5-A54E-7DFE07837E8D}.Ad-Hoc|iPhone.Build.0 = Ad-Hoc|iPhone
		{09C41F2D-E616-46B5-A54E-7DFE07837E8D}.Ad-Hoc|iPhoneSimulator.ActiveCfg = Ad-Hoc|iPhoneSimulator
		{09C41F2D-E616-46B5-A54E-7DFE07837E8D}.Ad-Hoc|iPhoneSimulator.Build.0 = Ad-Hoc|iPhoneSimulator
		{09C41F2D-E616-46B5-A54E-7DFE07837E8D}.Ad-Hoc|x64.ActiveCfg = Ad-Hoc|iPhone
		{09C41F2D-E616-46B5-A54E-7DFE07837E8D}.Ad-Hoc|x86.ActiveCfg = Ad-Hoc|iPhone
		{09C41F2D-E616-46B5-A54E-7DFE07837E8D}.AppStore|Any CPU.ActiveCfg = AppStore|iPhone
		{09C41F2D-E616-46B5-A54E-7DFE07837E8D}.AppStore|ARM.ActiveCfg = AppStore|iPhone
		{09C41F2D-E616-46B5-A54E-7DFE07837E8D}.AppStore|iPhone.ActiveCfg = AppStore|iPhone
		{09C41F2D-E616-46B5-A54E-7DFE07837E8D}.AppStore|iPhone.Build.0 = AppStore|iPhone
		{09C41F2D-E616-46B5-A54E-7DFE07837E8D}.AppStore|iPhoneSimulator.ActiveCfg = AppStore|iPhoneSimulator
		{09C41F2D-E616-46B5-A54E-7DFE07837E8D}.AppStore|iPhoneSimulator.Build.0 = AppStore|iPhoneSimulator
		{09C41F2D-E616-46B5-A54E-7DFE07837E8D}.AppStore|x64.ActiveCfg = AppStore|iPhone
		{09C41F2D-E616-46B5-A54E-7DFE07837E8D}.AppStore|x86.ActiveCfg = AppStore|iPhone
		{09C41F2D-E616-46B5-A54E-7DFE07837E8D}.Debug|Any CPU.ActiveCfg = Debug|iPhone
		{09C41F2D-E616-46B5-A54E-7DFE07837E8D}.Debug|ARM.ActiveCfg = Debug|iPhone
		{09C41F2D-E616-46B5-A54E-7DFE07837E8D}.Debug|iPhone.ActiveCfg = Debug|iPhone
		{09C41F2D-E616-46B5-A54E-7DFE07837E8D}.Debug|iPhone.Build.0 = Debug|iPhone
		{09C41F2D-E616-46B5-A54E-7DFE07837E8D}.Debug|iPhoneSimulator.ActiveCfg = Debug|iPhoneSimulator
		{09C41F2D-E616-46B5-A54E-7DFE07837E8D}.Debug|iPhoneSimulator.Build.0 = Debug|iPhoneSimulator
		{09C41F2D-E616-46B5-A54E-7DFE07837E8D}.Debug|x64.ActiveCfg = Debug|iPhone
		{09C41F2D-E616-46B5-A54E-7DFE07837E8D}.Debug|x86.ActiveCfg = Debug|iPhone
		{09C41F2D-E616-46B5-A54E-7DFE07837E8D}.Release|Any CPU.ActiveCfg = Release|iPhone
		{09C41F2D-E616-46B5-A54E-7DFE07837E8D}.Release|ARM.ActiveCfg = Release|iPhone
		{09C41F2D-E616-46B5-A54E-7DFE07837E8D}.Release|iPhone.ActiveCfg = Release|iPhone
		{09C41F2D-E616-46B5-A54E-7DFE07837E8D}.Release|iPhone.Build.0 = Release|iPhone
		{09C41F2D-E616-46B5-A54E-7DFE07837E8D}.Release|iPhoneSimulator.ActiveCfg = Release|iPhoneSimulator
		{09C41F2D-E616-46B5-A54E-7DFE07837E8D}.Release|iPhoneSimulator.Build.0 = Release|iPhoneSimulator
		{09C41F2D-E616-46B5-A54E-7DFE07837E8D}.Release|x64.ActiveCfg = Release|iPhone
		{09C41F2D-E616-46B5-A54E-7DFE07837E8D}.Release|x86.ActiveCfg = Release|iPhone
	EndGlobalSection
	GlobalSection(SolutionProperties) = preSolution
		HideSolutionNode = FALSE
	EndGlobalSection
	GlobalSection(ExtensibilityGlobals) = postSolution
		SolutionGuid = {116F8272-3873-4BA3-8120-10FFB2D479B5}
	EndGlobalSection
EndGlobal
